
Microsoft Visual Studio Solution File, Format Version 12.00
# Visual Studio Version 16
VisualStudioVersion = 16.0.30523.141
MinimumVisualStudioVersion = 10.0.40219.1
Project("{FAE04EC0-301F-11D3-BF4B-00C04F79EFBC}") = "neuralNetwork", "neuralNetwork.csproj", "{25B7CD88-C8B8-42DB-B5B9-ED2807E3D503}"
EndProject
Global
	GlobalSection(SolutionConfigurationPlatforms) = preSolution
		Debug|Any CPU = Debug|Any CPU
		Release|Any CPU = Release|Any CPU
	EndGlobalSection
	GlobalSection(ProjectConfigurationPlatforms) = postSolution
		{25B7CD88-C8B8-42DB-B5B9-ED2807E3D503}.Debug|Any CPU.ActiveCfg = Debug|Any CPU
		{25B7CD88-C8B8-42DB-B5B9-ED2807E3D503}.Debug|Any CPU.Build.0 = Debug|Any CPU
		{25B7CD88-C8B8-42DB-B5B9-ED2807E3D503}.Release|Any CPU.ActiveCfg = Release|Any CPU
		{25B7CD88-C8B8-42DB-B5B9-ED2807E3D503}.Release|Any CPU.Build.0 = Release|Any CPU
	EndGlobalSection
	GlobalSection(SolutionProperties) = preSolution
		HideSolutionNode = FALSE
	EndGlobalSection
	GlobalSection(ExtensibilityGlobals) = postSolution
		SolutionGuid = {71E230E6-5CA7-4F13-9BF0-52C965315BB4}
	EndGlobalSection
EndGlobal
